
Microsoft Visual Studio Solution File, Format Version 12.00
# Visual Studio Version 17
VisualStudioVersion = 17.6.33717.318
MinimumVisualStudioVersion = 10.0.40219.1
Project("{FAE04EC0-301F-11D3-BF4B-00C04F79EFBC}") = "4.2", "4.2\4.2.csproj", "{BF78DA1A-0357-4768-9E5A-C9DFF001F3C7}"
EndProject
Global
	GlobalSection(SolutionConfigurationPlatforms) = preSolution
		Debug|Any CPU = Debug|Any CPU
		Release|Any CPU = Release|Any CPU
	EndGlobalSection
	GlobalSection(ProjectConfigurationPlatforms) = postSolution
		{BF78DA1A-0357-4768-9E5A-C9DFF001F3C7}.Debug|Any CPU.ActiveCfg = Debug|Any CPU
		{BF78DA1A-0357-4768-9E5A-C9DFF001F3C7}.Debug|Any CPU.Build.0 = Debug|Any CPU
		{BF78DA1A-0357-4768-9E5A-C9DFF001F3C7}.Release|Any CPU.ActiveCfg = Release|Any CPU
		{BF78DA1A-0357-4768-9E5A-C9DFF001F3C7}.Release|Any CPU.Build.0 = Release|Any CPU
	EndGlobalSection
	GlobalSection(SolutionProperties) = preSolution
		HideSolutionNode = FALSE
	EndGlobalSection
	GlobalSection(ExtensibilityGlobals) = postSolution
		SolutionGuid = {9C87E368-FC9F-4AF0-BFE8-A50146206DCA}
	EndGlobalSection
EndGlobal
